
Microsoft Visual Studio Solution File, Format Version 12.00
Project("{FAE04EC0-301F-11D3-BF4B-00C04F79EFBC}") = "TwitchEverywhere", "TwitchEverywhere\TwitchEverywhere.csproj", "{545E1F17-E7FC-49CC-A731-C29815FE7B36}"
EndProject
Project("{FAE04EC0-301F-11D3-BF4B-00C04F79EFBC}") = "TwitchEverywhereCLI", "TwitchEverywhereCLI\TwitchEverywhereCLI.csproj", "{3CA1E382-85DD-4794-95DC-E05EF86D64AB}"
EndProject
Project("{2150E333-8FDC-42A3-9474-1A3956D46DE8}") = "Solution Items", "Solution Items", "{E3CE92E9-6DDD-45C9-B345-ED6836D48CC6}"
	ProjectSection(SolutionItems) = preProject
		.gitignore = .gitignore
		README.md = README.md
		.github\workflows\ci.yml = .github\workflows\ci.yml
		CONTRIBUTING.md = CONTRIBUTING.md
		CODEOWNERS = CODEOWNERS
	EndProjectSection
EndProject
Project("{FAE04EC0-301F-11D3-BF4B-00C04F79EFBC}") = "TwitchEverywhere.UnitTests", "TwitchEverywhere.UnitTests\TwitchEverywhere.UnitTests.csproj", "{715E4920-2F8E-4407-AE23-561AA8AC04F0}"
EndProject
Project("{FAE04EC0-301F-11D3-BF4B-00C04F79EFBC}") = "TwitchEverywhere.Benchmark", "TwitchEverywhere.Benchmark\TwitchEverywhere.Benchmark.csproj", "{BCFD7F10-4B9C-44F9-8158-32595C6150AE}"
EndProject
Global
	GlobalSection(SolutionConfigurationPlatforms) = preSolution
		Debug|Any CPU = Debug|Any CPU
		Release|Any CPU = Release|Any CPU
	EndGlobalSection
	GlobalSection(ProjectConfigurationPlatforms) = postSolution
		{545E1F17-E7FC-49CC-A731-C29815FE7B36}.Debug|Any CPU.ActiveCfg = Debug|Any CPU
		{545E1F17-E7FC-49CC-A731-C29815FE7B36}.Debug|Any CPU.Build.0 = Debug|Any CPU
		{545E1F17-E7FC-49CC-A731-C29815FE7B36}.Release|Any CPU.ActiveCfg = Release|Any CPU
		{545E1F17-E7FC-49CC-A731-C29815FE7B36}.Release|Any CPU.Build.0 = Release|Any CPU
		{3CA1E382-85DD-4794-95DC-E05EF86D64AB}.Debug|Any CPU.ActiveCfg = Debug|Any CPU
		{3CA1E382-85DD-4794-95DC-E05EF86D64AB}.Debug|Any CPU.Build.0 = Debug|Any CPU
		{3CA1E382-85DD-4794-95DC-E05EF86D64AB}.Release|Any CPU.ActiveCfg = Release|Any CPU
		{3CA1E382-85DD-4794-95DC-E05EF86D64AB}.Release|Any CPU.Build.0 = Release|Any CPU
		{715E4920-2F8E-4407-AE23-561AA8AC04F0}.Debug|Any CPU.ActiveCfg = Debug|Any CPU
		{715E4920-2F8E-4407-AE23-561AA8AC04F0}.Debug|Any CPU.Build.0 = Debug|Any CPU
		{715E4920-2F8E-4407-AE23-561AA8AC04F0}.Release|Any CPU.ActiveCfg = Release|Any CPU
		{715E4920-2F8E-4407-AE23-561AA8AC04F0}.Release|Any CPU.Build.0 = Release|Any CPU
		{BCFD7F10-4B9C-44F9-8158-32595C6150AE}.Debug|Any CPU.ActiveCfg = Debug|Any CPU
		{BCFD7F10-4B9C-44F9-8158-32595C6150AE}.Debug|Any CPU.Build.0 = Debug|Any CPU
		{BCFD7F10-4B9C-44F9-8158-32595C6150AE}.Release|Any CPU.ActiveCfg = Release|Any CPU
		{BCFD7F10-4B9C-44F9-8158-32595C6150AE}.Release|Any CPU.Build.0 = Release|Any CPU
	EndGlobalSection
EndGlobal
